{
    "_readme": [
        "This file locks the dependencies of your project to a known state",
        "Read more about it at https://getcomposer.org/doc/01-basic-usage.md#installing-dependencies",
        "This file is @generated automatically"
    ],
    "content-hash": "fab085ce9cd9c1247b7393aae41e05e7",
    "packages": [
        {
            "name": "bacon/bacon-qr-code",
            "version": "v3.0.3",
            "source": {
                "type": "git",
                "url": "https://github.com/Bacon/BaconQrCode.git",
                "reference": "36a1cb2b81493fa5b82e50bf8068bf84d1542563"
            },
            "dist": {
                "type": "zip",
                "url": "https://api.github.com/repos/Bacon/BaconQrCode/zipball/36a1cb2b81493fa5b82e50bf8068bf84d1542563",
                "reference": "36a1cb2b81493fa5b82e50bf8068bf84d1542563",
                "shasum": ""
            },
            "require": {
                "dasprid/enum": "^1.0.3",
                "ext-iconv": "*",
                "php": "^8.1"
            },
            "require-dev": {
                "phly/keep-a-changelog": "^2.12",
                "phpunit/phpunit": "^10.5.11 || ^11.0.4",
                "spatie/phpunit-snapshot-assertions": "^5.1.5",
                "spatie/pixelmatch-php": "^1.2.0",
                "squizlabs/php_codesniffer": "^3.9"
            },
            "suggest": {
                "ext-imagick": "to generate QR code images"
            },
            "type": "library",
            "autoload": {
                "psr-4": {
                    "BaconQrCode\\": "src/"
                }
            },
            "notification-url": "https://packagist.org/downloads/",
            "license": [
                "BSD-2-Clause"
            ],
            "authors": [
                {
                    "name": "Ben Scholzen 'DASPRiD'",
                    "email": "mail@dasprids.de",
                    "homepage": "https://dasprids.de/",
                    "role": "Developer"
                }
            ],
            "description": "BaconQrCode is a QR code generator for PHP.",
            "homepage": "https://github.com/Bacon/BaconQrCode",
            "support": {
                "issues": "https://github.com/Bacon/BaconQrCode/issues",
                "source": "https://github.com/Bacon/BaconQrCode/tree/v3.0.3"
            },
            "time": "2025-11-19T17:15:36+00:00"
        },
        {
            "name": "bjeavons/zxcvbn-php",
            "version": "1.4.2",
            "source": {
                "type": "git",
                "url": "https://github.com/bjeavons/zxcvbn-php.git",
                "reference": "426f664501a0747beb8f3ee17ac30c7dd6327ffa"
            },
            "dist": {
                "type": "zip",
                "url": "https://api.github.com/repos/bjeavons/zxcvbn-php/zipball/426f664501a0747beb8f3ee17ac30c7dd6327ffa",
                "reference": "426f664501a0747beb8f3ee17ac30c7dd6327ffa",
                "shasum": ""
            },
            "require": {
                "ext-json": "*",
                "php": "^7.2 | ^8.0 | ^8.1",
                "symfony/polyfill-mbstring": ">=1.3.1"
            },
            "require-dev": {
                "php-coveralls/php-coveralls": "*",
                "phpstan/phpstan": "^2.0",
                "phpunit/phpunit": "^8.5",
                "squizlabs/php_codesniffer": "3.*"
            },
            "suggest": {
                "ext-gmp": "Required for optimized binomial calculations (also requires PHP >= 7.3)"
            },
            "type": "library",
            "autoload": {
                "psr-4": {
                    "ZxcvbnPhp\\": "src/"
                }
            },
            "notification-url": "https://packagist.org/downloads/",
            "license": [
                "MIT"
            ],
            "authors": [
                {
                    "name": "See contributors",
                    "homepage": "https://github.com/bjeavons/zxcvbn-php"
                }
            ],
            "description": "Realistic password strength estimation PHP library based on Zxcvbn JS",
            "homepage": "https://github.com/bjeavons/zxcvbn-php",
            "keywords": [
                "password",
                "zxcvbn"
            ],
            "support": {
                "issues": "https://github.com/bjeavons/zxcvbn-php/issues",
                "source": "https://github.com/bjeavons/zxcvbn-php/tree/1.4.2"
            },
            "time": "2025-02-24T16:47:20+00:00"
        },
        {
            "name": "dasprid/enum",
            "version": "1.0.7",
            "source": {
                "type": "git",
                "url": "https://github.com/DASPRiD/Enum.git",
                "reference": "b5874fa9ed0043116c72162ec7f4fb50e02e7cce"
            },
            "dist": {
                "type": "zip",
                "url": "https://api.github.com/repos/DASPRiD/Enum/zipball/b5874fa9ed0043116c72162ec7f4fb50e02e7cce",
                "reference": "b5874fa9ed0043116c72162ec7f4fb50e02e7cce",
                "shasum": ""
            },
            "require": {
                "php": ">=7.1 <9.0"
            },
            "require-dev": {
                "phpunit/phpunit": "^7 || ^8 || ^9 || ^10 || ^11",
                "squizlabs/php_codesniffer": "*"
            },
            "type": "library",
            "autoload": {
                "psr-4": {
                    "DASPRiD\\Enum\\": "src/"
                }
            },
            "notification-url": "https://packagist.org/downloads/",
            "license": [
                "BSD-2-Clause"
            ],
            "authors": [
                {
                    "name": "Ben Scholzen 'DASPRiD'",
                    "email": "mail@dasprids.de",
                    "homepage": "https://dasprids.de/",
                    "role": "Developer"
                }
            ],
            "description": "PHP 7.1 enum implementation",
            "keywords": [
                "enum",
                "map"
            ],
            "support": {
                "issues": "https://github.com/DASPRiD/Enum/issues",
                "source": "https://github.com/DASPRiD/Enum/tree/1.0.7"
            },
            "time": "2025-09-16T12:23:56+00:00"
        },
        {
            "name": "endroid/qr-code",
            "version": "6.0.9",
            "source": {
                "type": "git",
                "url": "https://github.com/endroid/qr-code.git",
                "reference": "21e888e8597440b2205e2e5c484b6c8e556bcd1a"
            },
            "dist": {
                "type": "zip",
                "url": "https://api.github.com/repos/endroid/qr-code/zipball/21e888e8597440b2205e2e5c484b6c8e556bcd1a",
                "reference": "21e888e8597440b2205e2e5c484b6c8e556bcd1a",
                "shasum": ""
            },
            "require": {
                "bacon/bacon-qr-code": "^3.0",
                "php": "^8.2"
            },
            "require-dev": {
                "endroid/quality": "dev-main",
                "ext-gd": "*",
                "khanamiryan/qrcode-detector-decoder": "^2.0.2",
                "setasign/fpdf": "^1.8.2"
            },
            "suggest": {
                "ext-gd": "Enables you to write PNG images",
                "khanamiryan/qrcode-detector-decoder": "Enables you to use the image validator",
                "roave/security-advisories": "Makes sure package versions with known security issues are not installed",
                "setasign/fpdf": "Enables you to use the PDF writer"
            },
            "type": "library",
            "extra": {
                "branch-alias": {
                    "dev-main": "6.x-dev"
                }
            },
            "autoload": {
                "psr-4": {
                    "Endroid\\QrCode\\": "src/"
                }
            },
            "notification-url": "https://packagist.org/downloads/",
            "license": [
                "MIT"
            ],
            "authors": [
                {
                    "name": "Jeroen van den Enden",
                    "email": "info@endroid.nl"
                }
            ],
            "description": "Endroid QR Code",
            "homepage": "https://github.com/endroid/qr-code",
            "keywords": [
                "code",
                "endroid",
                "php",
                "qr",
                "qrcode"
            ],
            "support": {
                "issues": "https://github.com/endroid/qr-code/issues",
                "source": "https://github.com/endroid/qr-code/tree/6.0.9"
            },
            "funding": [
                {
                    "url": "https://github.com/endroid",
                    "type": "github"
                }
            ],
            "time": "2025-07-13T19:59:45+00:00"
        },
        {
            "name": "monolog/monolog",
            "version": "3.9.0",
            "source": {
                "type": "git",
                "url": "https://github.com/Seldaek/monolog.git",
                "reference": "10d85740180ecba7896c87e06a166e0c95a0e3b6"
            },
            "dist": {
                "type": "zip",
                "url": "https://api.github.com/repos/Seldaek/monolog/zipball/10d85740180ecba7896c87e06a166e0c95a0e3b6",
                "reference": "10d85740180ecba7896c87e06a166e0c95a0e3b6",
                "shasum": ""
            },
            "require": {
                "php": ">=8.1",
                "psr/log": "^2.0 || ^3.0"
            },
            "provide": {
                "psr/log-implementation": "3.0.0"
            },
            "require-dev": {
                "aws/aws-sdk-php": "^3.0",
                "doctrine/couchdb": "~1.0@dev",
                "elasticsearch/elasticsearch": "^7 || ^8",
                "ext-json": "*",
                "graylog2/gelf-php": "^1.4.2 || ^2.0",
                "guzzlehttp/guzzle": "^7.4.5",
                "guzzlehttp/psr7": "^2.2",
                "mongodb/mongodb": "^1.8",
                "php-amqplib/php-amqplib": "~2.4 || ^3",
                "php-console/php-console": "^3.1.8",
                "phpstan/phpstan": "^2",
                "phpstan/phpstan-deprecation-rules": "^2",
                "phpstan/phpstan-strict-rules": "^2",
                "phpunit/phpunit": "^10.5.17 || ^11.0.7",
                "predis/predis": "^1.1 || ^2",
                "rollbar/rollbar": "^4.0",
                "ruflin/elastica": "^7 || ^8",
                "symfony/mailer": "^5.4 || ^6",
                "symfony/mime": "^5.4 || ^6"
            },
            "suggest": {
                "aws/aws-sdk-php": "Allow sending log messages to AWS services like DynamoDB",
                "doctrine/couchdb": "Allow sending log messages to a CouchDB server",
                "elasticsearch/elasticsearch": "Allow sending log messages to an Elasticsearch server via official client",
                "ext-amqp": "Allow sending log messages to an AMQP server (1.0+ required)",
                "ext-curl": "Required to send log messages using the IFTTTHandler, the LogglyHandler, the SendGridHandler, the SlackWebhookHandler or the TelegramBotHandler",
                "ext-mbstring": "Allow to work properly with unicode symbols",
                "ext-mongodb": "Allow sending log messages to a MongoDB server (via driver)",
                "ext-openssl": "Required to send log messages using SSL",
                "ext-sockets": "Allow sending log messages to a Syslog server (via UDP driver)",
                "graylog2/gelf-php": "Allow sending log messages to a GrayLog2 server",
                "mongodb/mongodb": "Allow sending log messages to a MongoDB server (via library)",
                "php-amqplib/php-amqplib": "Allow sending log messages to an AMQP server using php-amqplib",
                "rollbar/rollbar": "Allow sending log messages to Rollbar",
                "ruflin/elastica": "Allow sending log messages to an Elastic Search server"
            },
            "type": "library",
            "extra": {
                "branch-alias": {
                    "dev-main": "3.x-dev"
                }
            },
            "autoload": {
                "psr-4": {
                    "Monolog\\": "src/Monolog"
                }
            },
            "notification-url": "https://packagist.org/downloads/",
            "license": [
                "MIT"
            ],
            "authors": [
                {
                    "name": "Jordi Boggiano",
                    "email": "j.boggiano@seld.be",
                    "homepage": "https://seld.be"
                }
            ],
            "description": "Sends your logs to files, sockets, inboxes, databases and various web services",
            "homepage": "https://github.com/Seldaek/monolog",
            "keywords": [
                "log",
                "logging",
                "psr-3"
            ],
            "support": {
                "issues": "https://github.com/Seldaek/monolog/issues",
                "source": "https://github.com/Seldaek/monolog/tree/3.9.0"
            },
            "funding": [
                {
                    "url": "https://github.com/Seldaek",
                    "type": "github"
                },
                {
                    "url": "https://tidelift.com/funding/github/packagist/monolog/monolog",
                    "type": "tidelift"
                }
            ],
            "time": "2025-03-24T10:02:05+00:00"
        },
        {
            "name": "phpmailer/phpmailer",
            "version": "v6.11.1",
            "source": {
                "type": "git",
                "url": "https://github.com/PHPMailer/PHPMailer.git",
                "reference": "d9e3b36b47f04b497a0164c5a20f92acb4593284"
            },
            "dist": {
                "type": "zip",
                "url": "https://api.github.com/repos/PHPMailer/PHPMailer/zipball/d9e3b36b47f04b497a0164c5a20f92acb4593284",
                "reference": "d9e3b36b47f04b497a0164c5a20f92acb4593284",
                "shasum": ""
            },
            "require": {
                "ext-ctype": "*",
                "ext-filter": "*",
                "ext-hash": "*",
                "php": ">=5.5.0"
            },
            "require-dev": {
                "dealerdirect/phpcodesniffer-composer-installer": "^1.0",
                "doctrine/annotations": "^1.2.6 || ^1.13.3",
                "php-parallel-lint/php-console-highlighter": "^1.0.0",
                "php-parallel-lint/php-parallel-lint": "^1.3.2",
                "phpcompatibility/php-compatibility": "^9.3.5",
                "roave/security-advisories": "dev-latest",
                "squizlabs/php_codesniffer": "^3.7.2",
                "yoast/phpunit-polyfills": "^1.0.4"
            },
            "suggest": {
                "decomplexity/SendOauth2": "Adapter for using XOAUTH2 authentication",
                "ext-imap": "Needed to support advanced email address parsing according to RFC822",
                "ext-mbstring": "Needed to send email in multibyte encoding charset or decode encoded addresses",
                "ext-openssl": "Needed for secure SMTP sending and DKIM signing",
                "greew/oauth2-azure-provider": "Needed for Microsoft Azure XOAUTH2 authentication",
                "hayageek/oauth2-yahoo": "Needed for Yahoo XOAUTH2 authentication",
                "league/oauth2-google": "Needed for Google XOAUTH2 authentication",
                "psr/log": "For optional PSR-3 debug logging",
                "symfony/polyfill-mbstring": "To support UTF-8 if the Mbstring PHP extension is not enabled (^1.2)",
                "thenetworg/oauth2-azure": "Needed for Microsoft XOAUTH2 authentication"
            },
            "type": "library",
            "autoload": {
                "psr-4": {
                    "PHPMailer\\PHPMailer\\": "src/"
                }
            },
            "notification-url": "https://packagist.org/downloads/",
            "license": [
                "LGPL-2.1-only"
            ],
            "authors": [
                {
                    "name": "Marcus Bointon",
                    "email": "phpmailer@synchromedia.co.uk"
                },
                {
                    "name": "Jim Jagielski",
                    "email": "jimjag@gmail.com"
                },
                {
                    "name": "Andy Prevost",
                    "email": "codeworxtech@users.sourceforge.net"
                },
                {
                    "name": "Brent R. Matzelle"
                }
            ],
            "description": "PHPMailer is a full-featured email creation and transfer class for PHP",
            "support": {
                "issues": "https://github.com/PHPMailer/PHPMailer/issues",
                "source": "https://github.com/PHPMailer/PHPMailer/tree/v6.11.1"
            },
            "funding": [
                {
                    "url": "https://github.com/Synchro",
                    "type": "github"
                }
            ],
            "time": "2025-09-30T11:54:53+00:00"
        },
        {
            "name": "psr/log",
            "version": "3.0.2",
            "source": {
                "type": "git",
                "url": "https://github.com/php-fig/log.git",
                "reference": "f16e1d5863e37f8d8c2a01719f5b34baa2b714d3"
            },
            "dist": {
                "type": "zip",
                "url": "https://api.github.com/repos/php-fig/log/zipball/f16e1d5863e37f8d8c2a01719f5b34baa2b714d3",
                "reference": "f16e1d5863e37f8d8c2a01719f5b34baa2b714d3",
                "shasum": ""
            },
            "require": {
                "php": ">=8.0.0"
            },
            "type": "library",
            "extra": {
                "branch-alias": {
                    "dev-master": "3.x-dev"
                }
            },
            "autoload": {
                "psr-4": {
                    "Psr\\Log\\": "src"
                }
            },
            "notification-url": "https://packagist.org/downloads/",
            "license": [
                "MIT"
            ],
            "authors": [
                {
                    "name": "PHP-FIG",
                    "homepage": "https://www.php-fig.org/"
                }
            ],
            "description": "Common interface for logging libraries",
            "homepage": "https://github.com/php-fig/log",
            "keywords": [
                "log",
                "psr",
                "psr-3"
            ],
            "support": {
                "source": "https://github.com/php-fig/log/tree/3.0.2"
            },
            "time": "2024-09-11T13:17:53+00:00"
        },
        {
            "name": "robthree/twofactorauth",
            "version": "v3.0.2",
            "source": {
                "type": "git",
                "url": "https://github.com/RobThree/TwoFactorAuth.git",
                "reference": "6d70f9ca8e25568f163a7b3b3ff77bd8ea743978"
            },
            "dist": {
                "type": "zip",
                "url": "https://api.github.com/repos/RobThree/TwoFactorAuth/zipball/6d70f9ca8e25568f163a7b3b3ff77bd8ea743978",
                "reference": "6d70f9ca8e25568f163a7b3b3ff77bd8ea743978",
                "shasum": ""
            },
            "require": {
                "php": ">=8.2.0"
            },
            "require-dev": {
                "friendsofphp/php-cs-fixer": "^3.13",
                "phpstan/phpstan": "^1.9",
                "phpunit/phpunit": "^9"
            },
            "suggest": {
                "bacon/bacon-qr-code": "Needed for BaconQrCodeProvider provider",
                "endroid/qr-code": "Needed for EndroidQrCodeProvider"
            },
            "type": "library",
            "autoload": {
                "psr-4": {
                    "RobThree\\Auth\\": "lib"
                }
            },
            "notification-url": "https://packagist.org/downloads/",
            "license": [
                "MIT"
            ],
            "authors": [
                {
                    "name": "Rob Janssen",
                    "homepage": "http://robiii.me",
                    "role": "Developer"
                },
                {
                    "name": "Nicolas CARPi",
                    "homepage": "https://github.com/NicolasCARPi",
                    "role": "Developer"
                },
                {
                    "name": "Will Power",
                    "homepage": "https://github.com/willpower232",
                    "role": "Developer"
                }
            ],
            "description": "Two Factor Authentication",
            "homepage": "https://github.com/RobThree/TwoFactorAuth",
            "keywords": [
                "Authentication",
                "MFA",
                "Multi Factor Authentication",
                "Two Factor Authentication",
                "authenticator",
                "authy",
                "php",
                "tfa"
            ],
            "support": {
                "issues": "https://github.com/RobThree/TwoFactorAuth/issues",
                "source": "https://github.com/RobThree/TwoFactorAuth"
            },
            "funding": [
                {
                    "url": "https://paypal.me/robiii",
                    "type": "custom"
                },
                {
                    "url": "https://github.com/RobThree",
                    "type": "github"
                }
            ],
            "time": "2024-10-24T15:14:25+00:00"
        },
        {
            "name": "symfony/polyfill-mbstring",
            "version": "v1.33.0",
            "source": {
                "type": "git",
                "url": "https://github.com/symfony/polyfill-mbstring.git",
                "reference": "6d857f4d76bd4b343eac26d6b539585d2bc56493"
            },
            "dist": {
                "type": "zip",
                "url": "https://api.github.com/repos/symfony/polyfill-mbstring/zipball/6d857f4d76bd4b343eac26d6b539585d2bc56493",
                "reference": "6d857f4d76bd4b343eac26d6b539585d2bc56493",
                "shasum": ""
            },
            "require": {
                "ext-iconv": "*",
                "php": ">=7.2"
            },
            "provide": {
                "ext-mbstring": "*"
            },
            "suggest": {
                "ext-mbstring": "For best performance"
            },
            "type": "library",
            "extra": {
                "thanks": {
                    "url": "https://github.com/symfony/polyfill",
                    "name": "symfony/polyfill"
                }
            },
            "autoload": {
                "files": [
                    "bootstrap.php"
                ],
                "psr-4": {
                    "Symfony\\Polyfill\\Mbstring\\": ""
                }
            },
            "notification-url": "https://packagist.org/downloads/",
            "license": [
                "MIT"
            ],
            "authors": [
                {
                    "name": "Nicolas Grekas",
                    "email": "p@tchwork.com"
                },
                {
                    "name": "Symfony Community",
                    "homepage": "https://symfony.com/contributors"
                }
            ],
            "description": "Symfony polyfill for the Mbstring extension",
            "homepage": "https://symfony.com",
            "keywords": [
                "compatibility",
                "mbstring",
                "polyfill",
                "portable",
                "shim"
            ],
            "support": {
                "source": "https://github.com/symfony/polyfill-mbstring/tree/v1.33.0"
            },
            "funding": [
                {
                    "url": "https://symfony.com/sponsor",
                    "type": "custom"
                },
                {
                    "url": "https://github.com/fabpot",
                    "type": "github"
                },
                {
                    "url": "https://github.com/nicolas-grekas",
                    "type": "github"
                },
                {
                    "url": "https://tidelift.com/funding/github/packagist/symfony/symfony",
                    "type": "tidelift"
                }
            ],
            "time": "2024-12-23T08:48:59+00:00"
        }
    ],
    "packages-dev": [],
    "aliases": [],
    "minimum-stability": "stable",
    "stability-flags": {},
    "prefer-stable": false,
    "prefer-lowest": false,
    "platform": {},
    "platform-dev": {},
    "plugin-api-version": "2.9.0"
}
